<Solution>
  <Folder Name="/src/">
    <File Path="../Users/lazyg/Downloads/README.md" />
    <File Path="src/TODO_CODE_SNIPPETS.md" />
    <Project Path="src/BookRecommendationSystem.Data/BookRecommendationSystem.Data.csproj" />
    <Project Path="src/BookRecommendationSystem.Seed/BookRecommendationSystem.Seed.csproj" />
    <Project Path="src/BookRecommendationSystem.Web/BookRecommendationSystem.Web.csproj" />
  </Folder>
</Solution>
